
Microsoft Visual Studio Solution File, Format Version 12.00
# Visual Studio Version 16
VisualStudioVersion = 16.0.31702.278
MinimumVisualStudioVersion = 10.0.40219.1
Project("{9A19103F-16F7-4668-BE54-9A1E7A4F7556}") = "EhzBattleServer", "EhzBattleServer.csproj", "{CE9AD941-2809-4DBA-9A0F-C44244726B41}"
EndProject
Project("{9A19103F-16F7-4668-BE54-9A1E7A4F7556}") = "EhzClassLibrary", "..\Lib\EhzClassLibrary\EhzClassLibrary.csproj", "{02503C48-C6CC-4EEF-8E04-4E7F050A0C13}"
EndProject
Project("{9A19103F-16F7-4668-BE54-9A1E7A4F7556}") = "ClienWF5", "..\ClienWF5\ClienWF5\ClienWF5.csproj", "{014E361C-6CAC-4277-B79D-D6F10DFBECED}"
EndProject
Project("{FAE04EC0-301F-11D3-BF4B-00C04F79EFBC}") = "ConsoleTest", "..\ConsoleTest\ConsoleTest\ConsoleTest.csproj", "{A3D0695C-CB81-4143-A1CF-2F59BBDFE5AD}"
EndProject
Global
	GlobalSection(SolutionConfigurationPlatforms) = preSolution
		Debug|Any CPU = Debug|Any CPU
		Release|Any CPU = Release|Any CPU
	EndGlobalSection
	GlobalSection(ProjectConfigurationPlatforms) = postSolution
		{CE9AD941-2809-4DBA-9A0F-C44244726B41}.Debug|Any CPU.ActiveCfg = Debug|Any CPU
		{CE9AD941-2809-4DBA-9A0F-C44244726B41}.Debug|Any CPU.Build.0 = Debug|Any CPU
		{CE9AD941-2809-4DBA-9A0F-C44244726B41}.Release|Any CPU.ActiveCfg = Release|Any CPU
		{CE9AD941-2809-4DBA-9A0F-C44244726B41}.Release|Any CPU.Build.0 = Release|Any CPU
		{02503C48-C6CC-4EEF-8E04-4E7F050A0C13}.Debug|Any CPU.ActiveCfg = Debug|Any CPU
		{02503C48-C6CC-4EEF-8E04-4E7F050A0C13}.Debug|Any CPU.Build.0 = Debug|Any CPU
		{02503C48-C6CC-4EEF-8E04-4E7F050A0C13}.Release|Any CPU.ActiveCfg = Release|Any CPU
		{02503C48-C6CC-4EEF-8E04-4E7F050A0C13}.Release|Any CPU.Build.0 = Release|Any CPU
		{014E361C-6CAC-4277-B79D-D6F10DFBECED}.Debug|Any CPU.ActiveCfg = Debug|Any CPU
		{014E361C-6CAC-4277-B79D-D6F10DFBECED}.Debug|Any CPU.Build.0 = Debug|Any CPU
		{014E361C-6CAC-4277-B79D-D6F10DFBECED}.Release|Any CPU.ActiveCfg = Release|Any CPU
		{014E361C-6CAC-4277-B79D-D6F10DFBECED}.Release|Any CPU.Build.0 = Release|Any CPU
		{A3D0695C-CB81-4143-A1CF-2F59BBDFE5AD}.Debug|Any CPU.ActiveCfg = Debug|Any CPU
		{A3D0695C-CB81-4143-A1CF-2F59BBDFE5AD}.Debug|Any CPU.Build.0 = Debug|Any CPU
		{A3D0695C-CB81-4143-A1CF-2F59BBDFE5AD}.Release|Any CPU.ActiveCfg = Release|Any CPU
		{A3D0695C-CB81-4143-A1CF-2F59BBDFE5AD}.Release|Any CPU.Build.0 = Release|Any CPU
	EndGlobalSection
	GlobalSection(SolutionProperties) = preSolution
		HideSolutionNode = FALSE
	EndGlobalSection
	GlobalSection(ExtensibilityGlobals) = postSolution
		SolutionGuid = {515CE3CB-0932-42E3-BAAB-CEC25E4F7163}
	EndGlobalSection
EndGlobal
